
Microsoft Visual Studio Solution File, Format Version 12.00
Project("{FAE04EC0-301F-11D3-BF4B-00C04F79EFBC}") = "LyricallyGUI", "LyricallyGUI\LyricallyGUI.csproj", "{C76AF65A-0550-4FB2-8785-2D1788A668EE}"
EndProject
Global
	GlobalSection(SolutionConfigurationPlatforms) = preSolution
		Debug|Any CPU = Debug|Any CPU
		Release|Any CPU = Release|Any CPU
	EndGlobalSection
	GlobalSection(ProjectConfigurationPlatforms) = postSolution
		{C76AF65A-0550-4FB2-8785-2D1788A668EE}.Debug|Any CPU.ActiveCfg = Debug|Any CPU
		{C76AF65A-0550-4FB2-8785-2D1788A668EE}.Debug|Any CPU.Build.0 = Debug|Any CPU
		{C76AF65A-0550-4FB2-8785-2D1788A668EE}.Release|Any CPU.ActiveCfg = Release|Any CPU
		{C76AF65A-0550-4FB2-8785-2D1788A668EE}.Release|Any CPU.Build.0 = Release|Any CPU
	EndGlobalSection
EndGlobal
